
Microsoft Visual Studio Solution File, Format Version 12.00
# Visual Studio Version 17
VisualStudioVersion = 17.6.33626.354
MinimumVisualStudioVersion = 10.0.40219.1
Project("{FAE04EC0-301F-11D3-BF4B-00C04F79EFBC}") = "Pokedex_Webforms", "Pokedex_Webforms\Pokedex_Webforms.csproj", "{9815B23B-3755-4B50-9F4C-E2A4DBEFF51D}"
EndProject
Global
	GlobalSection(SolutionConfigurationPlatforms) = preSolution
		Debug|Any CPU = Debug|Any CPU
		Release|Any CPU = Release|Any CPU
	EndGlobalSection
	GlobalSection(ProjectConfigurationPlatforms) = postSolution
		{9815B23B-3755-4B50-9F4C-E2A4DBEFF51D}.Debug|Any CPU.ActiveCfg = Debug|Any CPU
		{9815B23B-3755-4B50-9F4C-E2A4DBEFF51D}.Debug|Any CPU.Build.0 = Debug|Any CPU
		{9815B23B-3755-4B50-9F4C-E2A4DBEFF51D}.Release|Any CPU.ActiveCfg = Release|Any CPU
		{9815B23B-3755-4B50-9F4C-E2A4DBEFF51D}.Release|Any CPU.Build.0 = Release|Any CPU
	EndGlobalSection
	GlobalSection(SolutionProperties) = preSolution
		HideSolutionNode = FALSE
	EndGlobalSection
	GlobalSection(ExtensibilityGlobals) = postSolution
		SolutionGuid = {69CF1E5C-5464-4CCF-89E9-CBD93282C97C}
	EndGlobalSection
EndGlobal
